// !$*UTF8*$!
{
	archiveVersion = 1;
	classes = {
	};
	objectVersion = 50;
	objects = {

/* Begin PBXBuildFile section */
		32B9262024E2F1DD006F3FC2 /* AppDelegate.swift in Sources */ = {isa = PBXBuildFile; fileRef = 32B9261F24E2F1DD006F3FC2 /* AppDelegate.swift */; };
		32B9262224E2F1DD006F3FC2 /* SceneDelegate.swift in Sources */ = {isa = PBXBuildFile; fileRef = 32B9262124E2F1DD006F3FC2 /* SceneDelegate.swift */; };
		32B9262924E2F1DD006F3FC2 /* Assets.xcassets in Resources */ = {isa = PBXBuildFile; fileRef = 32B9262824E2F1DD006F3FC2 /* Assets.xcassets */; };
		32B9262C24E2F1DD006F3FC2 /* LaunchScreen.storyboard in Resources */ = {isa = PBXBuildFile; fileRef = 32B9262A24E2F1DD006F3FC2 /* LaunchScreen.storyboard */; };
		32B9263724E2F1DD006F3FC2 /* EuropeanCapitalsTests.swift in Sources */ = {isa = PBXBuildFile; fileRef = 32B9263624E2F1DD006F3FC2 /* EuropeanCapitalsTests.swift */; };
		32B9264224E2F1DD006F3FC2 /* EuropeanCapitalsUITests.swift in Sources */ = {isa = PBXBuildFile; fileRef = 32B9264124E2F1DD006F3FC2 /* EuropeanCapitalsUITests.swift */; };
		32B9265F24E2F4C9006F3FC2 /* AppStyling.swift in Sources */ = {isa = PBXBuildFile; fileRef = 32B9265E24E2F4C9006F3FC2 /* AppStyling.swift */; };
		32B9266724E2F64E006F3FC2 /* AppCoordinator.swift in Sources */ = {isa = PBXBuildFile; fileRef = 32B9266624E2F64E006F3FC2 /* AppCoordinator.swift */; };
		32B9266C24E80668006F3FC2 /* AppString.swift in Sources */ = {isa = PBXBuildFile; fileRef = 32B9266B24E80668006F3FC2 /* AppString.swift */; };
		32B9267224E806F5006F3FC2 /* APIResourceProtocol.swift in Sources */ = {isa = PBXBuildFile; fileRef = 32B9267124E806F5006F3FC2 /* APIResourceProtocol.swift */; };
		32B9267824E80733006F3FC2 /* HTTPMethod.swift in Sources */ = {isa = PBXBuildFile; fileRef = 32B9267724E80733006F3FC2 /* HTTPMethod.swift */; };
		32B9268024E80767006F3FC2 /* ResponseType.swift in Sources */ = {isa = PBXBuildFile; fileRef = 32B9267F24E80767006F3FC2 /* ResponseType.swift */; };
		32B9268524E8077D006F3FC2 /* APIResource.swift in Sources */ = {isa = PBXBuildFile; fileRef = 32B9268424E8077D006F3FC2 /* APIResource.swift */; };
		32B9268B24E80A22006F3FC2 /* MockyService.swift in Sources */ = {isa = PBXBuildFile; fileRef = 32B9268A24E80A22006F3FC2 /* MockyService.swift */; };
		32B9269124E80A75006F3FC2 /* UnsplashService.swift in Sources */ = {isa = PBXBuildFile; fileRef = 32B9269024E80A75006F3FC2 /* UnsplashService.swift */; };
		32B926A224E80B97006F3FC2 /* APIClientProtocol.swift in Sources */ = {isa = PBXBuildFile; fileRef = 32B926A124E80B97006F3FC2 /* APIClientProtocol.swift */; };
		32B926B224E80C5E006F3FC2 /* APIResult.swift in Sources */ = {isa = PBXBuildFile; fileRef = 32B926B124E80C5E006F3FC2 /* APIResult.swift */; };
		32B926B824E80C6E006F3FC2 /* APIError.swift in Sources */ = {isa = PBXBuildFile; fileRef = 32B926B724E80C6E006F3FC2 /* APIError.swift */; };
		32B926BE24E80CBE006F3FC2 /* ImageCache.swift in Sources */ = {isa = PBXBuildFile; fileRef = 32B926BD24E80CBE006F3FC2 /* ImageCache.swift */; };
		32B926C424EC3A1F006F3FC2 /* Lato-Regular.ttf in Resources */ = {isa = PBXBuildFile; fileRef = 32B926C324EC3A1F006F3FC2 /* Lato-Regular.ttf */; };
		32B926CB24EC3AA9006F3FC2 /* MasterListViewController.swift in Sources */ = {isa = PBXBuildFile; fileRef = 32B926CA24EC3AA9006F3FC2 /* MasterListViewController.swift */; };
		32B926D424EC52DA006F3FC2 /* Capital.swift in Sources */ = {isa = PBXBuildFile; fileRef = 32B926D324EC52DA006F3FC2 /* Capital.swift */; };
		32B926D924EC533E006F3FC2 /* MasterListViewModel.swift in Sources */ = {isa = PBXBuildFile; fileRef = 32B926D824EC533E006F3FC2 /* MasterListViewModel.swift */; };
		32B926DF24EC5498006F3FC2 /* Collection+Extensions.swift in Sources */ = {isa = PBXBuildFile; fileRef = 32B926DE24EC5498006F3FC2 /* Collection+Extensions.swift */; };
		32B926E424EC5518006F3FC2 /* APIClient.swift in Sources */ = {isa = PBXBuildFile; fileRef = 32B926E324EC5518006F3FC2 /* APIClient.swift */; };
		32B926E924EC5625006F3FC2 /* URL+Extensions.swift in Sources */ = {isa = PBXBuildFile; fileRef = 32B926E824EC5625006F3FC2 /* URL+Extensions.swift */; };
		32B926F124EC5926006F3FC2 /* Image.swift in Sources */ = {isa = PBXBuildFile; fileRef = 32B926F024EC5926006F3FC2 /* Image.swift */; };
		32B926F724EC5A2E006F3FC2 /* FavoritesManagerProtocol.swift in Sources */ = {isa = PBXBuildFile; fileRef = 32B926F624EC5A2E006F3FC2 /* FavoritesManagerProtocol.swift */; };
		32B9270024EC5A9B006F3FC2 /* FavoritesManager.swift in Sources */ = {isa = PBXBuildFile; fileRef = 32B926FF24EC5A9B006F3FC2 /* FavoritesManager.swift */; };
		32B9270924EC5C1C006F3FC2 /* BaseTableViewCell.swift in Sources */ = {isa = PBXBuildFile; fileRef = 32B9270824EC5C1C006F3FC2 /* BaseTableViewCell.swift */; };
		32B9270E24EC5C86006F3FC2 /* CityTableViewCell.swift in Sources */ = {isa = PBXBuildFile; fileRef = 32B9270D24EC5C86006F3FC2 /* CityTableViewCell.swift */; };
		32B9271324EC5D3E006F3FC2 /* UIView+Extensions.swift in Sources */ = {isa = PBXBuildFile; fileRef = 32B9271224EC5D3E006F3FC2 /* UIView+Extensions.swift */; };
		32B9271824EC5DA7006F3FC2 /* UITableView+Extensions.swift in Sources */ = {isa = PBXBuildFile; fileRef = 32B9271724EC5DA7006F3FC2 /* UITableView+Extensions.swift */; };
		32B9272024EC5F08006F3FC2 /* UIImageView+Extensions.swift in Sources */ = {isa = PBXBuildFile; fileRef = 32B9271F24EC5F08006F3FC2 /* UIImageView+Extensions.swift */; };
		32B9272524EEB4BD006F3FC2 /* NiblessViewController.swift in Sources */ = {isa = PBXBuildFile; fileRef = 32B9272424EEB4BD006F3FC2 /* NiblessViewController.swift */; };
/* End PBXBuildFile section */

/* Begin PBXContainerItemProxy section */
		32B9263324E2F1DD006F3FC2 /* PBXContainerItemProxy */ = {
			isa = PBXContainerItemProxy;
			containerPortal = 32B9261424E2F1DD006F3FC2 /* Project object */;
			proxyType = 1;
			remoteGlobalIDString = 32B9261B24E2F1DD006F3FC2;
			remoteInfo = EuropeanCapitals;
		};
		32B9263E24E2F1DD006F3FC2 /* PBXContainerItemProxy */ = {
			isa = PBXContainerItemProxy;
			containerPortal = 32B9261424E2F1DD006F3FC2 /* Project object */;
			proxyType = 1;
			remoteGlobalIDString = 32B9261B24E2F1DD006F3FC2;
			remoteInfo = EuropeanCapitals;
		};
/* End PBXContainerItemProxy section */

/* Begin PBXFileReference section */
		32B9261C24E2F1DD006F3FC2 /* EuropeanCapitals.app */ = {isa = PBXFileReference; explicitFileType = wrapper.application; includeInIndex = 0; path = EuropeanCapitals.app; sourceTree = BUILT_PRODUCTS_DIR; };
		32B9261F24E2F1DD006F3FC2 /* AppDelegate.swift */ = {isa = PBXFileReference; lastKnownFileType = sourcecode.swift; path = AppDelegate.swift; sourceTree = "<group>"; };
		32B9262124E2F1DD006F3FC2 /* SceneDelegate.swift */ = {isa = PBXFileReference; lastKnownFileType = sourcecode.swift; path = SceneDelegate.swift; sourceTree = "<group>"; };
		32B9262824E2F1DD006F3FC2 /* Assets.xcassets */ = {isa = PBXFileReference; lastKnownFileType = folder.assetcatalog; path = Assets.xcassets; sourceTree = "<group>"; };
		32B9262B24E2F1DD006F3FC2 /* Base */ = {isa = PBXFileReference; lastKnownFileType = file.storyboard; name = Base; path = Base.lproj/LaunchScreen.storyboard; sourceTree = "<group>"; };
		32B9262D24E2F1DD006F3FC2 /* Info.plist */ = {isa = PBXFileReference; lastKnownFileType = text.plist.xml; path = Info.plist; sourceTree = "<group>"; };
		32B9263224E2F1DD006F3FC2 /* EuropeanCapitalsTests.xctest */ = {isa = PBXFileReference; explicitFileType = wrapper.cfbundle; includeInIndex = 0; path = EuropeanCapitalsTests.xctest; sourceTree = BUILT_PRODUCTS_DIR; };
		32B9263624E2F1DD006F3FC2 /* EuropeanCapitalsTests.swift */ = {isa = PBXFileReference; lastKnownFileType = sourcecode.swift; path = EuropeanCapitalsTests.swift; sourceTree = "<group>"; };
		32B9263824E2F1DD006F3FC2 /* Info.plist */ = {isa = PBXFileReference; lastKnownFileType = text.plist.xml; path = Info.plist; sourceTree = "<group>"; };
		32B9263D24E2F1DD006F3FC2 /* EuropeanCapitalsUITests.xctest */ = {isa = PBXFileReference; explicitFileType = wrapper.cfbundle; includeInIndex = 0; path = EuropeanCapitalsUITests.xctest; sourceTree = BUILT_PRODUCTS_DIR; };
		32B9264124E2F1DD006F3FC2 /* EuropeanCapitalsUITests.swift */ = {isa = PBXFileReference; lastKnownFileType = sourcecode.swift; path = EuropeanCapitalsUITests.swift; sourceTree = "<group>"; };
		32B9264324E2F1DD006F3FC2 /* Info.plist */ = {isa = PBXFileReference; lastKnownFileType = text.plist.xml; path = Info.plist; sourceTree = "<group>"; };
		32B9265E24E2F4C9006F3FC2 /* AppStyling.swift */ = {isa = PBXFileReference; lastKnownFileType = sourcecode.swift; path = AppStyling.swift; sourceTree = "<group>"; };
		32B9266624E2F64E006F3FC2 /* AppCoordinator.swift */ = {isa = PBXFileReference; lastKnownFileType = sourcecode.swift; path = AppCoordinator.swift; sourceTree = "<group>"; };
		32B9266B24E80668006F3FC2 /* AppString.swift */ = {isa = PBXFileReference; lastKnownFileType = sourcecode.swift; path = AppString.swift; sourceTree = "<group>"; };
		32B9267124E806F5006F3FC2 /* APIResourceProtocol.swift */ = {isa = PBXFileReference; lastKnownFileType = sourcecode.swift; path = APIResourceProtocol.swift; sourceTree = "<group>"; };
		32B9267724E80733006F3FC2 /* HTTPMethod.swift */ = {isa = PBXFileReference; lastKnownFileType = sourcecode.swift; path = HTTPMethod.swift; sourceTree = "<group>"; };
		32B9267F24E80767006F3FC2 /* ResponseType.swift */ = {isa = PBXFileReference; lastKnownFileType = sourcecode.swift; path = ResponseType.swift; sourceTree = "<group>"; };
		32B9268424E8077D006F3FC2 /* APIResource.swift */ = {isa = PBXFileReference; lastKnownFileType = sourcecode.swift; path = APIResource.swift; sourceTree = "<group>"; };
		32B9268A24E80A22006F3FC2 /* MockyService.swift */ = {isa = PBXFileReference; lastKnownFileType = sourcecode.swift; path = MockyService.swift; sourceTree = "<group>"; };
		32B9269024E80A75006F3FC2 /* UnsplashService.swift */ = {isa = PBXFileReference; lastKnownFileType = sourcecode.swift; path = UnsplashService.swift; sourceTree = "<group>"; };
		32B926A124E80B97006F3FC2 /* APIClientProtocol.swift */ = {isa = PBXFileReference; lastKnownFileType = sourcecode.swift; path = APIClientProtocol.swift; sourceTree = "<group>"; };
		32B926B124E80C5E006F3FC2 /* APIResult.swift */ = {isa = PBXFileReference; lastKnownFileType = sourcecode.swift; path = APIResult.swift; sourceTree = "<group>"; };
		32B926B724E80C6E006F3FC2 /* APIError.swift */ = {isa = PBXFileReference; lastKnownFileType = sourcecode.swift; path = APIError.swift; sourceTree = "<group>"; };
		32B926BD24E80CBE006F3FC2 /* ImageCache.swift */ = {isa = PBXFileReference; lastKnownFileType = sourcecode.swift; path = ImageCache.swift; sourceTree = "<group>"; };
		32B926C324EC3A1F006F3FC2 /* Lato-Regular.ttf */ = {isa = PBXFileReference; lastKnownFileType = file; path = "Lato-Regular.ttf"; sourceTree = "<group>"; };
		32B926CA24EC3AA9006F3FC2 /* MasterListViewController.swift */ = {isa = PBXFileReference; lastKnownFileType = sourcecode.swift; path = MasterListViewController.swift; sourceTree = "<group>"; };
		32B926D324EC52DA006F3FC2 /* Capital.swift */ = {isa = PBXFileReference; lastKnownFileType = sourcecode.swift; path = Capital.swift; sourceTree = "<group>"; };
		32B926D824EC533E006F3FC2 /* MasterListViewModel.swift */ = {isa = PBXFileReference; lastKnownFileType = sourcecode.swift; path = MasterListViewModel.swift; sourceTree = "<group>"; };
		32B926DE24EC5498006F3FC2 /* Collection+Extensions.swift */ = {isa = PBXFileReference; lastKnownFileType = sourcecode.swift; path = "Collection+Extensions.swift"; sourceTree = "<group>"; };
		32B926E324EC5518006F3FC2 /* APIClient.swift */ = {isa = PBXFileReference; lastKnownFileType = sourcecode.swift; path = APIClient.swift; sourceTree = "<group>"; };
		32B926E824EC5625006F3FC2 /* URL+Extensions.swift */ = {isa = PBXFileReference; lastKnownFileType = sourcecode.swift; path = "URL+Extensions.swift"; sourceTree = "<group>"; };
		32B926F024EC5926006F3FC2 /* Image.swift */ = {isa = PBXFileReference; lastKnownFileType = sourcecode.swift; path = Image.swift; sourceTree = "<group>"; };
		32B926F624EC5A2E006F3FC2 /* FavoritesManagerProtocol.swift */ = {isa = PBXFileReference; lastKnownFileType = sourcecode.swift; path = FavoritesManagerProtocol.swift; sourceTree = "<group>"; };
		32B926FF24EC5A9B006F3FC2 /* FavoritesManager.swift */ = {isa = PBXFileReference; lastKnownFileType = sourcecode.swift; path = FavoritesManager.swift; sourceTree = "<group>"; };
		32B9270824EC5C1C006F3FC2 /* BaseTableViewCell.swift */ = {isa = PBXFileReference; lastKnownFileType = sourcecode.swift; path = BaseTableViewCell.swift; sourceTree = "<group>"; };
		32B9270D24EC5C86006F3FC2 /* CityTableViewCell.swift */ = {isa = PBXFileReference; lastKnownFileType = sourcecode.swift; path = CityTableViewCell.swift; sourceTree = "<group>"; };
		32B9271224EC5D3E006F3FC2 /* UIView+Extensions.swift */ = {isa = PBXFileReference; lastKnownFileType = sourcecode.swift; path = "UIView+Extensions.swift"; sourceTree = "<group>"; };
		32B9271724EC5DA7006F3FC2 /* UITableView+Extensions.swift */ = {isa = PBXFileReference; lastKnownFileType = sourcecode.swift; path = "UITableView+Extensions.swift"; sourceTree = "<group>"; };
		32B9271F24EC5F08006F3FC2 /* UIImageView+Extensions.swift */ = {isa = PBXFileReference; lastKnownFileType = sourcecode.swift; path = "UIImageView+Extensions.swift"; sourceTree = "<group>"; };
		32B9272424EEB4BD006F3FC2 /* NiblessViewController.swift */ = {isa = PBXFileReference; lastKnownFileType = sourcecode.swift; path = NiblessViewController.swift; sourceTree = "<group>"; };
/* End PBXFileReference section */

/* Begin PBXFrameworksBuildPhase section */
		32B9261924E2F1DD006F3FC2 /* Frameworks */ = {
			isa = PBXFrameworksBuildPhase;
			buildActionMask = 2147483647;
			files = (
			);
			runOnlyForDeploymentPostprocessing = 0;
		};
		32B9262F24E2F1DD006F3FC2 /* Frameworks */ = {
			isa = PBXFrameworksBuildPhase;
			buildActionMask = 2147483647;
			files = (
			);
			runOnlyForDeploymentPostprocessing = 0;
		};
		32B9263A24E2F1DD006F3FC2 /* Frameworks */ = {
			isa = PBXFrameworksBuildPhase;
			buildActionMask = 2147483647;
			files = (
			);
			runOnlyForDeploymentPostprocessing = 0;
		};
/* End PBXFrameworksBuildPhase section */

/* Begin PBXGroup section */
		32B9261324E2F1DD006F3FC2 = {
			isa = PBXGroup;
			children = (
				32B9261E24E2F1DD006F3FC2 /* EuropeanCapitals */,
				32B9263524E2F1DD006F3FC2 /* EuropeanCapitalsTests */,
				32B9264024E2F1DD006F3FC2 /* EuropeanCapitalsUITests */,
				32B9261D24E2F1DD006F3FC2 /* Products */,
			);
			sourceTree = "<group>";
		};
		32B9261D24E2F1DD006F3FC2 /* Products */ = {
			isa = PBXGroup;
			children = (
				32B9261C24E2F1DD006F3FC2 /* EuropeanCapitals.app */,
				32B9263224E2F1DD006F3FC2 /* EuropeanCapitalsTests.xctest */,
				32B9263D24E2F1DD006F3FC2 /* EuropeanCapitalsUITests.xctest */,
			);
			name = Products;
			sourceTree = "<group>";
		};
		32B9261E24E2F1DD006F3FC2 /* EuropeanCapitals */ = {
			isa = PBXGroup;
			children = (
				32B9270724EC5C0E006F3FC2 /* Cells */,
				32B9261F24E2F1DD006F3FC2 /* AppDelegate.swift */,
				32B9262124E2F1DD006F3FC2 /* SceneDelegate.swift */,
				32B9265E24E2F4C9006F3FC2 /* AppStyling.swift */,
				32B9266624E2F64E006F3FC2 /* AppCoordinator.swift */,
				32B9266B24E80668006F3FC2 /* AppString.swift */,
				32B9272424EEB4BD006F3FC2 /* NiblessViewController.swift */,
				32B9267024E806CD006F3FC2 /* API */,
				32B926D224EC52CA006F3FC2 /* Models */,
				32B926F524EC5A15006F3FC2 /* Managers */,
				32B926DD24EC5460006F3FC2 /* Extensions */,
				32B926C224EC393D006F3FC2 /* Font */,
				32B926C924EC3A86006F3FC2 /* Master List */,
				32B9262824E2F1DD006F3FC2 /* Assets.xcassets */,
				32B9262A24E2F1DD006F3FC2 /* LaunchScreen.storyboard */,
				32B9262D24E2F1DD006F3FC2 /* Info.plist */,
			);
			path = EuropeanCapitals;
			sourceTree = "<group>";
		};
		32B9263524E2F1DD006F3FC2 /* EuropeanCapitalsTests */ = {
			isa = PBXGroup;
			children = (
				32B9263624E2F1DD006F3FC2 /* EuropeanCapitalsTests.swift */,
				32B9263824E2F1DD006F3FC2 /* Info.plist */,
			);
			path = EuropeanCapitalsTests;
			sourceTree = "<group>";
		};
		32B9264024E2F1DD006F3FC2 /* EuropeanCapitalsUITests */ = {
			isa = PBXGroup;
			children = (
				32B9264124E2F1DD006F3FC2 /* EuropeanCapitalsUITests.swift */,
				32B9264324E2F1DD006F3FC2 /* Info.plist */,
			);
			path = EuropeanCapitalsUITests;
			sourceTree = "<group>";
		};
		32B9267024E806CD006F3FC2 /* API */ = {
			isa = PBXGroup;
			children = (
				32B9268924E80A0A006F3FC2 /* 3rd Party Services */,
				32B9267624E80726006F3FC2 /* Helpers */,
				32B926AC24E80C3B006F3FC2 /* Resource */,
				32B926AD24E80C47006F3FC2 /* Client */,
			);
			path = API;
			sourceTree = "<group>";
		};
		32B9267624E80726006F3FC2 /* Helpers */ = {
			isa = PBXGroup;
			children = (
				32B9267724E80733006F3FC2 /* HTTPMethod.swift */,
				32B9267F24E80767006F3FC2 /* ResponseType.swift */,
			);
			path = Helpers;
			sourceTree = "<group>";
		};
		32B9268924E80A0A006F3FC2 /* 3rd Party Services */ = {
			isa = PBXGroup;
			children = (
				32B9268A24E80A22006F3FC2 /* MockyService.swift */,
				32B9269024E80A75006F3FC2 /* UnsplashService.swift */,
			);
			path = "3rd Party Services";
			sourceTree = "<group>";
		};
		32B926AC24E80C3B006F3FC2 /* Resource */ = {
			isa = PBXGroup;
			children = (
				32B926BC24E80C95006F3FC2 /* Image Cache */,
				32B9267124E806F5006F3FC2 /* APIResourceProtocol.swift */,
				32B9268424E8077D006F3FC2 /* APIResource.swift */,
			);
			path = Resource;
			sourceTree = "<group>";
		};
		32B926AD24E80C47006F3FC2 /* Client */ = {
			isa = PBXGroup;
			children = (
				32B926A124E80B97006F3FC2 /* APIClientProtocol.swift */,
				32B926B124E80C5E006F3FC2 /* APIResult.swift */,
				32B926B724E80C6E006F3FC2 /* APIError.swift */,
				32B926E324EC5518006F3FC2 /* APIClient.swift */,
			);
			path = Client;
			sourceTree = "<group>";
		};
		32B926BC24E80C95006F3FC2 /* Image Cache */ = {
			isa = PBXGroup;
			children = (
				32B926BD24E80CBE006F3FC2 /* ImageCache.swift */,
			);
			path = "Image Cache";
			sourceTree = "<group>";
		};
		32B926C224EC393D006F3FC2 /* Font */ = {
			isa = PBXGroup;
			children = (
				32B926C324EC3A1F006F3FC2 /* Lato-Regular.ttf */,
			);
			path = Font;
			sourceTree = "<group>";
		};
		32B926C924EC3A86006F3FC2 /* Master List */ = {
			isa = PBXGroup;
			children = (
				32B926CA24EC3AA9006F3FC2 /* MasterListViewController.swift */,
				32B926D824EC533E006F3FC2 /* MasterListViewModel.swift */,
			);
			path = "Master List";
			sourceTree = "<group>";
		};
		32B926D224EC52CA006F3FC2 /* Models */ = {
			isa = PBXGroup;
			children = (
				32B926D324EC52DA006F3FC2 /* Capital.swift */,
				32B926F024EC5926006F3FC2 /* Image.swift */,
			);
			path = Models;
			sourceTree = "<group>";
		};
		32B926DD24EC5460006F3FC2 /* Extensions */ = {
			isa = PBXGroup;
			children = (
				32B926E824EC5625006F3FC2 /* URL+Extensions.swift */,
				32B926DE24EC5498006F3FC2 /* Collection+Extensions.swift */,
				32B9271224EC5D3E006F3FC2 /* UIView+Extensions.swift */,
				32B9271724EC5DA7006F3FC2 /* UITableView+Extensions.swift */,
				32B9271F24EC5F08006F3FC2 /* UIImageView+Extensions.swift */,
			);
			path = Extensions;
			sourceTree = "<group>";
		};
		32B926F524EC5A15006F3FC2 /* Managers */ = {
			isa = PBXGroup;
			children = (
				32B926FE24EC5A8C006F3FC2 /* Favorites */,
			);
			path = Managers;
			sourceTree = "<group>";
		};
		32B926FE24EC5A8C006F3FC2 /* Favorites */ = {
			isa = PBXGroup;
			children = (
				32B926F624EC5A2E006F3FC2 /* FavoritesManagerProtocol.swift */,
				32B926FF24EC5A9B006F3FC2 /* FavoritesManager.swift */,
			);
			path = Favorites;
			sourceTree = "<group>";
		};
		32B9270724EC5C0E006F3FC2 /* Cells */ = {
			isa = PBXGroup;
			children = (
				32B9270824EC5C1C006F3FC2 /* BaseTableViewCell.swift */,
				32B9270D24EC5C86006F3FC2 /* CityTableViewCell.swift */,
			);
			path = Cells;
			sourceTree = "<group>";
		};
/* End PBXGroup section */

/* Begin PBXNativeTarget section */
		32B9261B24E2F1DD006F3FC2 /* EuropeanCapitals */ = {
			isa = PBXNativeTarget;
			buildConfigurationList = 32B9264624E2F1DD006F3FC2 /* Build configuration list for PBXNativeTarget "EuropeanCapitals" */;
			buildPhases = (
				32B9261824E2F1DD006F3FC2 /* Sources */,
				32B9261924E2F1DD006F3FC2 /* Frameworks */,
				32B9261A24E2F1DD006F3FC2 /* Resources */,
			);
			buildRules = (
			);
			dependencies = (
			);
			name = EuropeanCapitals;
			productName = EuropeanCapitals;
			productReference = 32B9261C24E2F1DD006F3FC2 /* EuropeanCapitals.app */;
			productType = "com.apple.product-type.application";
		};
		32B9263124E2F1DD006F3FC2 /* EuropeanCapitalsTests */ = {
			isa = PBXNativeTarget;
			buildConfigurationList = 32B9264924E2F1DD006F3FC2 /* Build configuration list for PBXNativeTarget "EuropeanCapitalsTests" */;
			buildPhases = (
				32B9262E24E2F1DD006F3FC2 /* Sources */,
				32B9262F24E2F1DD006F3FC2 /* Frameworks */,
				32B9263024E2F1DD006F3FC2 /* Resources */,
			);
			buildRules = (
			);
			dependencies = (
				32B9263424E2F1DD006F3FC2 /* PBXTargetDependency */,
			);
			name = EuropeanCapitalsTests;
			productName = EuropeanCapitalsTests;
			productReference = 32B9263224E2F1DD006F3FC2 /* EuropeanCapitalsTests.xctest */;
			productType = "com.apple.product-type.bundle.unit-test";
		};
		32B9263C24E2F1DD006F3FC2 /* EuropeanCapitalsUITests */ = {
			isa = PBXNativeTarget;
			buildConfigurationList = 32B9264C24E2F1DD006F3FC2 /* Build configuration list for PBXNativeTarget "EuropeanCapitalsUITests" */;
			buildPhases = (
				32B9263924E2F1DD006F3FC2 /* Sources */,
				32B9263A24E2F1DD006F3FC2 /* Frameworks */,
				32B9263B24E2F1DD006F3FC2 /* Resources */,
			);
			buildRules = (
			);
			dependencies = (
				32B9263F24E2F1DD006F3FC2 /* PBXTargetDependency */,
			);
			name = EuropeanCapitalsUITests;
			productName = EuropeanCapitalsUITests;
			productReference = 32B9263D24E2F1DD006F3FC2 /* EuropeanCapitalsUITests.xctest */;
			productType = "com.apple.product-type.bundle.ui-testing";
		};
/* End PBXNativeTarget section */

/* Begin PBXProject section */
		32B9261424E2F1DD006F3FC2 /* Project object */ = {
			isa = PBXProject;
			attributes = {
				LastSwiftUpdateCheck = 1240;
				LastUpgradeCheck = 1240;
				TargetAttributes = {
					32B9261B24E2F1DD006F3FC2 = {
						CreatedOnToolsVersion = 12.4;
					};
					32B9263124E2F1DD006F3FC2 = {
						CreatedOnToolsVersion = 12.4;
						TestTargetID = 32B9261B24E2F1DD006F3FC2;
					};
					32B9263C24E2F1DD006F3FC2 = {
						CreatedOnToolsVersion = 12.4;
						TestTargetID = 32B9261B24E2F1DD006F3FC2;
					};
				};
			};
			buildConfigurationList = 32B9261724E2F1DD006F3FC2 /* Build configuration list for PBXProject "EuropeanCapitals" */;
			compatibilityVersion = "Xcode 9.3";
			developmentRegion = en;
			hasScannedForEncodings = 0;
			knownRegions = (
				en,
				Base,
			);
			mainGroup = 32B9261324E2F1DD006F3FC2;
			productRefGroup = 32B9261D24E2F1DD006F3FC2 /* Products */;
			projectDirPath = "";
			projectRoot = "";
			targets = (
				32B9261B24E2F1DD006F3FC2 /* EuropeanCapitals */,
				32B9263124E2F1DD006F3FC2 /* EuropeanCapitalsTests */,
				32B9263C24E2F1DD006F3FC2 /* EuropeanCapitalsUITests */,
			);
		};
/* End PBXProject section */

/* Begin PBXResourcesBuildPhase section */
		32B9261A24E2F1DD006F3FC2 /* Resources */ = {
			isa = PBXResourcesBuildPhase;
			buildActionMask = 2147483647;
			files = (
				32B9262C24E2F1DD006F3FC2 /* LaunchScreen.storyboard in Resources */,
				32B926C424EC3A1F006F3FC2 /* Lato-Regular.ttf in Resources */,
				32B9262924E2F1DD006F3FC2 /* Assets.xcassets in Resources */,
			);
			runOnlyForDeploymentPostprocessing = 0;
		};
		32B9263024E2F1DD006F3FC2 /* Resources */ = {
			isa = PBXResourcesBuildPhase;
			buildActionMask = 2147483647;
			files = (
			);
			runOnlyForDeploymentPostprocessing = 0;
		};
		32B9263B24E2F1DD006F3FC2 /* Resources */ = {
			isa = PBXResourcesBuildPhase;
			buildActionMask = 2147483647;
			files = (
			);
			runOnlyForDeploymentPostprocessing = 0;
		};
/* End PBXResourcesBuildPhase section */

/* Begin PBXSourcesBuildPhase section */
		32B9261824E2F1DD006F3FC2 /* Sources */ = {
			isa = PBXSourcesBuildPhase;
			buildActionMask = 2147483647;
			files = (
				32B9272024EC5F08006F3FC2 /* UIImageView+Extensions.swift in Sources */,
				32B926D924EC533E006F3FC2 /* MasterListViewModel.swift in Sources */,
				32B926E924EC5625006F3FC2 /* URL+Extensions.swift in Sources */,
				32B926CB24EC3AA9006F3FC2 /* MasterListViewController.swift in Sources */,
				32B9270924EC5C1C006F3FC2 /* BaseTableViewCell.swift in Sources */,
				32B926BE24E80CBE006F3FC2 /* ImageCache.swift in Sources */,
				32B926E424EC5518006F3FC2 /* APIClient.swift in Sources */,
				32B9272524EEB4BD006F3FC2 /* NiblessViewController.swift in Sources */,
				32B926D424EC52DA006F3FC2 /* Capital.swift in Sources */,
				32B9266724E2F64E006F3FC2 /* AppCoordinator.swift in Sources */,
				32B9270E24EC5C86006F3FC2 /* CityTableViewCell.swift in Sources */,
				32B9270024EC5A9B006F3FC2 /* FavoritesManager.swift in Sources */,
				32B9266C24E80668006F3FC2 /* AppString.swift in Sources */,
				32B9267824E80733006F3FC2 /* HTTPMethod.swift in Sources */,
				32B9271324EC5D3E006F3FC2 /* UIView+Extensions.swift in Sources */,
				32B9271824EC5DA7006F3FC2 /* UITableView+Extensions.swift in Sources */,
				32B926F124EC5926006F3FC2 /* Image.swift in Sources */,
				32B926B224E80C5E006F3FC2 /* APIResult.swift in Sources */,
				32B9265F24E2F4C9006F3FC2 /* AppStyling.swift in Sources */,
				32B9262024E2F1DD006F3FC2 /* AppDelegate.swift in Sources */,
				32B926A224E80B97006F3FC2 /* APIClientProtocol.swift in Sources */,
				32B926DF24EC5498006F3FC2 /* Collection+Extensions.swift in Sources */,
				32B9268B24E80A22006F3FC2 /* MockyService.swift in Sources */,
				32B9262224E2F1DD006F3FC2 /* SceneDelegate.swift in Sources */,
				32B9268024E80767006F3FC2 /* ResponseType.swift in Sources */,
				32B9267224E806F5006F3FC2 /* APIResourceProtocol.swift in Sources */,
				32B9268524E8077D006F3FC2 /* APIResource.swift in Sources */,
				32B9269124E80A75006F3FC2 /* UnsplashService.swift in Sources */,
				32B926F724EC5A2E006F3FC2 /* FavoritesManagerProtocol.swift in Sources */,
				32B926B824E80C6E006F3FC2 /* APIError.swift in Sources */,
			);
			runOnlyForDeploymentPostprocessing = 0;
		};
		32B9262E24E2F1DD006F3FC2 /* Sources */ = {
			isa = PBXSourcesBuildPhase;
			buildActionMask = 2147483647;
			files = (
				32B9263724E2F1DD006F3FC2 /* EuropeanCapitalsTests.swift in Sources */,
			);
			runOnlyForDeploymentPostprocessing = 0;
		};
		32B9263924E2F1DD006F3FC2 /* Sources */ = {
			isa = PBXSourcesBuildPhase;
			buildActionMask = 2147483647;
			files = (
				32B9264224E2F1DD006F3FC2 /* EuropeanCapitalsUITests.swift in Sources */,
			);
			runOnlyForDeploymentPostprocessing = 0;
		};
/* End PBXSourcesBuildPhase section */

/* Begin PBXTargetDependency section */
		32B9263424E2F1DD006F3FC2 /* PBXTargetDependency */ = {
			isa = PBXTargetDependency;
			target = 32B9261B24E2F1DD006F3FC2 /* EuropeanCapitals */;
			targetProxy = 32B9263324E2F1DD006F3FC2 /* PBXContainerItemProxy */;
		};
		32B9263F24E2F1DD006F3FC2 /* PBXTargetDependency */ = {
			isa = PBXTargetDependency;
			target = 32B9261B24E2F1DD006F3FC2 /* EuropeanCapitals */;
			targetProxy = 32B9263E24E2F1DD006F3FC2 /* PBXContainerItemProxy */;
		};
/* End PBXTargetDependency section */

/* Begin PBXVariantGroup section */
		32B9262A24E2F1DD006F3FC2 /* LaunchScreen.storyboard */ = {
			isa = PBXVariantGroup;
			children = (
				32B9262B24E2F1DD006F3FC2 /* Base */,
			);
			name = LaunchScreen.storyboard;
			sourceTree = "<group>";
		};
/* End PBXVariantGroup section */

/* Begin XCBuildConfiguration section */
		32B9264424E2F1DD006F3FC2 /* Debug */ = {
			isa = XCBuildConfiguration;
			buildSettings = {
				ALWAYS_SEARCH_USER_PATHS = NO;
				CLANG_ANALYZER_NONNULL = YES;
				CLANG_ANALYZER_NUMBER_OBJECT_CONVERSION = YES_AGGRESSIVE;
				CLANG_CXX_LANGUAGE_STANDARD = "gnu++14";
				CLANG_CXX_LIBRARY = "libc++";
				CLANG_ENABLE_MODULES = YES;
				CLANG_ENABLE_OBJC_ARC = YES;
				CLANG_ENABLE_OBJC_WEAK = YES;
				CLANG_WARN_BLOCK_CAPTURE_AUTORELEASING = YES;
				CLANG_WARN_BOOL_CONVERSION = YES;
				CLANG_WARN_COMMA = YES;
				CLANG_WARN_CONSTANT_CONVERSION = YES;
				CLANG_WARN_DEPRECATED_OBJC_IMPLEMENTATIONS = YES;
				CLANG_WARN_DIRECT_OBJC_ISA_USAGE = YES_ERROR;
				CLANG_WARN_DOCUMENTATION_COMMENTS = YES;
				CLANG_WARN_EMPTY_BODY = YES;
				CLANG_WARN_ENUM_CONVERSION = YES;
				CLANG_WARN_INFINITE_RECURSION = YES;
				CLANG_WARN_INT_CONVERSION = YES;
				CLANG_WARN_NON_LITERAL_NULL_CONVERSION = YES;
				CLANG_WARN_OBJC_IMPLICIT_RETAIN_SELF = YES;
				CLANG_WARN_OBJC_LITERAL_CONVERSION = YES;
				CLANG_WARN_OBJC_ROOT_CLASS = YES_ERROR;
				CLANG_WARN_QUOTED_INCLUDE_IN_FRAMEWORK_HEADER = YES;
				CLANG_WARN_RANGE_LOOP_ANALYSIS = YES;
				CLANG_WARN_STRICT_PROTOTYPES = YES;
				CLANG_WARN_SUSPICIOUS_MOVE = YES;
				CLANG_WARN_UNGUARDED_AVAILABILITY = YES_AGGRESSIVE;
				CLANG_WARN_UNREACHABLE_CODE = YES;
				CLANG_WARN__DUPLICATE_METHOD_MATCH = YES;
				COPY_PHASE_STRIP = NO;
				DEBUG_INFORMATION_FORMAT = dwarf;
				ENABLE_STRICT_OBJC_MSGSEND = YES;
				ENABLE_TESTABILITY = YES;
				GCC_C_LANGUAGE_STANDARD = gnu11;
				GCC_DYNAMIC_NO_PIC = NO;
				GCC_NO_COMMON_BLOCKS = YES;
				GCC_OPTIMIZATION_LEVEL = 0;
				GCC_PREPROCESSOR_DEFINITIONS = (
					"DEBUG=1",
					"$(inherited)",
				);
				GCC_WARN_64_TO_32_BIT_CONVERSION = YES;
				GCC_WARN_ABOUT_RETURN_TYPE = YES_ERROR;
				GCC_WARN_UNDECLARED_SELECTOR = YES;
				GCC_WARN_UNINITIALIZED_AUTOS = YES_AGGRESSIVE;
				GCC_WARN_UNUSED_FUNCTION = YES;
				GCC_WARN_UNUSED_VARIABLE = YES;
				IPHONEOS_DEPLOYMENT_TARGET = 13.0;
				MTL_ENABLE_DEBUG_INFO = INCLUDE_SOURCE;
				MTL_FAST_MATH = YES;
				ONLY_ACTIVE_ARCH = YES;
				SDKROOT = iphoneos;
				SWIFT_ACTIVE_COMPILATION_CONDITIONS = DEBUG;
				SWIFT_OPTIMIZATION_LEVEL = "-Onone";
			};
			name = Debug;
		};
		32B9264524E2F1DD006F3FC2 /* Release */ = {
			isa = XCBuildConfiguration;
			buildSettings = {
				ALWAYS_SEARCH_USER_PATHS = NO;
				CLANG_ANALYZER_NONNULL = YES;
				CLANG_ANALYZER_NUMBER_OBJECT_CONVERSION = YES_AGGRESSIVE;
				CLANG_CXX_LANGUAGE_STANDARD = "gnu++14";
				CLANG_CXX_LIBRARY = "libc++";
				CLANG_ENABLE_MODULES = YES;
				CLANG_ENABLE_OBJC_ARC = YES;
				CLANG_ENABLE_OBJC_WEAK = YES;
				CLANG_WARN_BLOCK_CAPTURE_AUTORELEASING = YES;
				CLANG_WARN_BOOL_CONVERSION = YES;
				CLANG_WARN_COMMA = YES;
				CLANG_WARN_CONSTANT_CONVERSION = YES;
				CLANG_WARN_DEPRECATED_OBJC_IMPLEMENTATIONS = YES;
				CLANG_WARN_DIRECT_OBJC_ISA_USAGE = YES_ERROR;
				CLANG_WARN_DOCUMENTATION_COMMENTS = YES;
				CLANG_WARN_EMPTY_BODY = YES;
				CLANG_WARN_ENUM_CONVERSION = YES;
				CLANG_WARN_INFINITE_RECURSION = YES;
				CLANG_WARN_INT_CONVERSION = YES;
				CLANG_WARN_NON_LITERAL_NULL_CONVERSION = YES;
				CLANG_WARN_OBJC_IMPLICIT_RETAIN_SELF = YES;
				CLANG_WARN_OBJC_LITERAL_CONVERSION = YES;
				CLANG_WARN_OBJC_ROOT_CLASS = YES_ERROR;
				CLANG_WARN_QUOTED_INCLUDE_IN_FRAMEWORK_HEADER = YES;
				CLANG_WARN_RANGE_LOOP_ANALYSIS = YES;
				CLANG_WARN_STRICT_PROTOTYPES = YES;
				CLANG_WARN_SUSPICIOUS_MOVE = YES;
				CLANG_WARN_UNGUARDED_AVAILABILITY = YES_AGGRESSIVE;
				CLANG_WARN_UNREACHABLE_CODE = YES;
				CLANG_WARN__DUPLICATE_METHOD_MATCH = YES;
				COPY_PHASE_STRIP = NO;
				DEBUG_INFORMATION_FORMAT = "dwarf-with-dsym";
				ENABLE_NS_ASSERTIONS = NO;
				ENABLE_STRICT_OBJC_MSGSEND = YES;
				GCC_C_LANGUAGE_STANDARD = gnu11;
				GCC_NO_COMMON_BLOCKS = YES;
				GCC_WARN_64_TO_32_BIT_CONVERSION = YES;
				GCC_WARN_ABOUT_RETURN_TYPE = YES_ERROR;
				GCC_WARN_UNDECLARED_SELECTOR = YES;
				GCC_WARN_UNINITIALIZED_AUTOS = YES_AGGRESSIVE;
				GCC_WARN_UNUSED_FUNCTION = YES;
				GCC_WARN_UNUSED_VARIABLE = YES;
				IPHONEOS_DEPLOYMENT_TARGET = 13.0;
				MTL_ENABLE_DEBUG_INFO = NO;
				MTL_FAST_MATH = YES;
				SDKROOT = iphoneos;
				SWIFT_COMPILATION_MODE = wholemodule;
				SWIFT_OPTIMIZATION_LEVEL = "-O";
				VALIDATE_PRODUCT = YES;
			};
			name = Release;
		};
		32B9264724E2F1DD006F3FC2 /* Debug */ = {
			isa = XCBuildConfiguration;
			buildSettings = {
				ASSETCATALOG_COMPILER_APPICON_NAME = AppIcon;
				ASSETCATALOG_COMPILER_GLOBAL_ACCENT_COLOR_NAME = AccentColor;
				CODE_SIGN_STYLE = Automatic;
				DEVELOPMENT_TEAM = 49QRSQXN7X;
				INFOPLIST_FILE = EuropeanCapitals/Info.plist;
				IPHONEOS_DEPLOYMENT_TARGET = 13.0;
				LD_RUNPATH_SEARCH_PATHS = (
					"$(inherited)",
					"@executable_path/Frameworks",
				);
				PRODUCT_BUNDLE_IDENTIFIER = com.ak.EuropeanCapitals;
				PRODUCT_NAME = "$(TARGET_NAME)";
				SWIFT_VERSION = 5.0;
				TARGETED_DEVICE_FAMILY = "1,2";
			};
			name = Debug;
		};
		32B9264824E2F1DD006F3FC2 /* Release */ = {
			isa = XCBuildConfiguration;
			buildSettings = {
				ASSETCATALOG_COMPILER_APPICON_NAME = AppIcon;
				ASSETCATALOG_COMPILER_GLOBAL_ACCENT_COLOR_NAME = AccentColor;
				CODE_SIGN_STYLE = Automatic;
				DEVELOPMENT_TEAM = 49QRSQXN7X;
				INFOPLIST_FILE = EuropeanCapitals/Info.plist;
				IPHONEOS_DEPLOYMENT_TARGET = 13.0;
				LD_RUNPATH_SEARCH_PATHS = (
					"$(inherited)",
					"@executable_path/Frameworks",
				);
				PRODUCT_BUNDLE_IDENTIFIER = com.ak.EuropeanCapitals;
				PRODUCT_NAME = "$(TARGET_NAME)";
				SWIFT_VERSION = 5.0;
				TARGETED_DEVICE_FAMILY = "1,2";
			};
			name = Release;
		};
		32B9264A24E2F1DD006F3FC2 /* Debug */ = {
			isa = XCBuildConfiguration;
			buildSettings = {
				ALWAYS_EMBED_SWIFT_STANDARD_LIBRARIES = YES;
				BUNDLE_LOADER = "$(TEST_HOST)";
				CODE_SIGN_STYLE = Automatic;
				DEVELOPMENT_TEAM = 49QRSQXN7X;
				INFOPLIST_FILE = EuropeanCapitalsTests/Info.plist;
				IPHONEOS_DEPLOYMENT_TARGET = 14.4;
				LD_RUNPATH_SEARCH_PATHS = (
					"$(inherited)",
					"@executable_path/Frameworks",
					"@loader_path/Frameworks",
				);
				PRODUCT_BUNDLE_IDENTIFIER = com.ak.EuropeanCapitalsTests;
				PRODUCT_NAME = "$(TARGET_NAME)";
				SWIFT_VERSION = 5.0;
				TARGETED_DEVICE_FAMILY = "1,2";
				TEST_HOST = "$(BUILT_PRODUCTS_DIR)/EuropeanCapitals.app/EuropeanCapitals";
			};
			name = Debug;
		};
		32B9264B24E2F1DD006F3FC2 /* Release */ = {
			isa = XCBuildConfiguration;
			buildSettings = {
				ALWAYS_EMBED_SWIFT_STANDARD_LIBRARIES = YES;
				BUNDLE_LOADER = "$(TEST_HOST)";
				CODE_SIGN_STYLE = Automatic;
				DEVELOPMENT_TEAM = 49QRSQXN7X;
				INFOPLIST_FILE = EuropeanCapitalsTests/Info.plist;
				IPHONEOS_DEPLOYMENT_TARGET = 14.4;
				LD_RUNPATH_SEARCH_PATHS = (
					"$(inherited)",
					"@executable_path/Frameworks",
					"@loader_path/Frameworks",
				);
				PRODUCT_BUNDLE_IDENTIFIER = com.ak.EuropeanCapitalsTests;
				PRODUCT_NAME = "$(TARGET_NAME)";
				SWIFT_VERSION = 5.0;
				TARGETED_DEVICE_FAMILY = "1,2";
				TEST_HOST = "$(BUILT_PRODUCTS_DIR)/EuropeanCapitals.app/EuropeanCapitals";
			};
			name = Release;
		};
		32B9264D24E2F1DD006F3FC2 /* Debug */ = {
			isa = XCBuildConfiguration;
			buildSettings = {
				ALWAYS_EMBED_SWIFT_STANDARD_LIBRARIES = YES;
				CODE_SIGN_STYLE = Automatic;
				DEVELOPMENT_TEAM = 49QRSQXN7X;
				INFOPLIST_FILE = EuropeanCapitalsUITests/Info.plist;
				LD_RUNPATH_SEARCH_PATHS = (
					"$(inherited)",
					"@executable_path/Frameworks",
					"@loader_path/Frameworks",
				);
				PRODUCT_BUNDLE_IDENTIFIER = com.ak.EuropeanCapitalsUITests;
				PRODUCT_NAME = "$(TARGET_NAME)";
				SWIFT_VERSION = 5.0;
				TARGETED_DEVICE_FAMILY = "1,2";
				TEST_TARGET_NAME = EuropeanCapitals;
			};
			name = Debug;
		};
		32B9264E24E2F1DD006F3FC2 /* Release */ = {
			isa = XCBuildConfiguration;
			buildSettings = {
				ALWAYS_EMBED_SWIFT_STANDARD_LIBRARIES = YES;
				CODE_SIGN_STYLE = Automatic;
				DEVELOPMENT_TEAM = 49QRSQXN7X;
				INFOPLIST_FILE = EuropeanCapitalsUITests/Info.plist;
				LD_RUNPATH_SEARCH_PATHS = (
					"$(inherited)",
					"@executable_path/Frameworks",
					"@loader_path/Frameworks",
				);
				PRODUCT_BUNDLE_IDENTIFIER = com.ak.EuropeanCapitalsUITests;
				PRODUCT_NAME = "$(TARGET_NAME)";
				SWIFT_VERSION = 5.0;
				TARGETED_DEVICE_FAMILY = "1,2";
				TEST_TARGET_NAME = EuropeanCapitals;
			};
			name = Release;
		};
/* End XCBuildConfiguration section */

/* Begin XCConfigurationList section */
		32B9261724E2F1DD006F3FC2 /* Build configuration list for PBXProject "EuropeanCapitals" */ = {
			isa = XCConfigurationList;
			buildConfigurations = (
				32B9264424E2F1DD006F3FC2 /* Debug */,
				32B9264524E2F1DD006F3FC2 /* Release */,
			);
			defaultConfigurationIsVisible = 0;
			defaultConfigurationName = Release;
		};
		32B9264624E2F1DD006F3FC2 /* Build configuration list for PBXNativeTarget "EuropeanCapitals" */ = {
			isa = XCConfigurationList;
			buildConfigurations = (
				32B9264724E2F1DD006F3FC2 /* Debug */,
				32B9264824E2F1DD006F3FC2 /* Release */,
			);
			defaultConfigurationIsVisible = 0;
			defaultConfigurationName = Release;
		};
		32B9264924E2F1DD006F3FC2 /* Build configuration list for PBXNativeTarget "EuropeanCapitalsTests" */ = {
			isa = XCConfigurationList;
			buildConfigurations = (
				32B9264A24E2F1DD006F3FC2 /* Debug */,
				32B9264B24E2F1DD006F3FC2 /* Release */,
			);
			defaultConfigurationIsVisible = 0;
			defaultConfigurationName = Release;
		};
		32B9264C24E2F1DD006F3FC2 /* Build configuration list for PBXNativeTarget "EuropeanCapitalsUITests" */ = {
			isa = XCConfigurationList;
			buildConfigurations = (
				32B9264D24E2F1DD006F3FC2 /* Debug */,
				32B9264E24E2F1DD006F3FC2 /* Release */,
			);
			defaultConfigurationIsVisible = 0;
			defaultConfigurationName = Release;
		};
/* End XCConfigurationList section */
	};
	rootObject = 32B9261424E2F1DD006F3FC2 /* Project object */;
}
